# DO NOT EDIT MANUALLY - Managed by Fern Replay
version: "1.0"
generations:
  - commit_sha: 0dcc8a0e109cfc6471de3a8b0c802af7f573773f
    tree_hash: d2a5319ae1bcf73d0fdbcff063bd70c8a0bf38c4
    timestamp: 2026-05-25T15:03:26.667Z
    cli_version: unknown
    generator_versions: {}
current_generation: 0dcc8a0e109cfc6471de3a8b0c802af7f573773f
patches: []
