# DO NOT EDIT MANUALLY - Managed by Fern Replay
version: "1.0"
generations:
  - commit_sha: a6de492eda1e936af8a2313c7530e959d331c776
    tree_hash: 670dfaca4f87817e6057a3f81d7925314f3140dc
    timestamp: 2026-06-04T12:06:41.104Z
    cli_version: unknown
    generator_versions: {}
  - commit_sha: 4beb47975e5c54700da8881cca75785126c73393
    tree_hash: 0e626d92bb8a074aa16cfaf8a16c2474b71ba590
    timestamp: 2026-06-10T09:31:27.978Z
    cli_version: unknown
    generator_versions:
      fernapi/fern-typescript-node-sdk: 3.65.5
  - commit_sha: 77d1654c85eac1dcc7244814351bb75f9681227f
    tree_hash: 63151d7ee8a6fa66d6f8edd3aa8da1af380ef2fd
    timestamp: 2026-06-16T11:32:59.810Z
    cli_version: unknown
    generator_versions:
      fernapi/fern-typescript-node-sdk: 3.65.5
  - commit_sha: 0308aab5770ab3443024b38cd812b320dd96d66f
    tree_hash: cb1f81715cbc50cee0029a5693446404501c04a6
    timestamp: 2026-06-17T11:23:57.523Z
    cli_version: unknown
    generator_versions:
      fernapi/fern-typescript-node-sdk: 3.65.5
  - commit_sha: b30aca839727950314173e131964a5aeaca8a49d
    tree_hash: d1e39b69c5b143cd7d5c4a9d013f1d0ea8223d5a
    timestamp: 2026-07-12T08:45:17.356Z
    cli_version: unknown
    generator_versions:
      fernapi/fern-typescript-node-sdk: 3.65.5
  - commit_sha: 318adbecb83efb185cd184af51fc38a733c4f142
    tree_hash: 084b433c263f52dd462a589488b28819785a01a9
    timestamp: 2026-07-12T11:14:16.704Z
    cli_version: unknown
    generator_versions:
      fernapi/fern-typescript-node-sdk: 3.65.5
  - commit_sha: 1442ed1cb3a7c2ad27763bf59ff4a0faa3f32c5e
    tree_hash: a5debb2a1528de6fc9d9fe699b2859da1ba6114b
    timestamp: 2026-07-19T12:49:42.532Z
    cli_version: unknown
    generator_versions:
      fernapi/fern-typescript-node-sdk: 3.65.5
  - commit_sha: 77e02b6f5409685682ba9a1f2d1c993141014f5b
    tree_hash: cff905f6c2cc934e0c04f48a56e411cd11daa555
    timestamp: 2026-08-13T07:34:28.404Z
    cli_version: unknown
    generator_versions:
      fernapi/fern-typescript-node-sdk: 3.65.5
  - commit_sha: 25d5534cea69b5ea8e126de2f91123298220fa37
    tree_hash: 6bbf25d79e75583ab6878d6dc584891023af9f2c
    timestamp: 2026-08-20T15:24:40.829Z
    cli_version: unknown
    generator_versions:
      fernapi/fern-typescript-node-sdk: 3.65.5
  - commit_sha: 212718bfbcae670454b10a1981a0e403cfc8edcf
    tree_hash: 6f77a04234c8dbadf92540e27aceb53f72618490
    timestamp: 2026-08-21T11:55:06.997Z
    cli_version: unknown
    generator_versions:
      fernapi/fern-typescript-node-sdk: 3.65.5
current_generation: 212718bfbcae670454b10a1981a0e403cfc8edcf
patches: []
